Microsoft Visual Studio Solution File, Format Version 12.00
# Visual Studio Version 17
VisualStudioVersion = 17.5.2.0
MinimumVisualStudioVersion = 10.0.40219.1
Project("{FAE04EC0-301F-11D3-BF4B-00C04F79EFBC}") = "Module Two.Two", "Module Two.Two.csproj", "{F7891BF4-BDDB-5325-A58E-ADD8A4B8DFEF}"
EndProject
Global
	GlobalSection(SolutionConfigurationPlatforms) = preSolution
		Debug|Any CPU = Debug|Any CPU
		Release|Any CPU = Release|Any CPU
	EndGlobalSection
	GlobalSection(ProjectConfigurationPlatforms) = postSolution
		{F7891BF4-BDDB-5325-A58E-ADD8A4B8DFEF}.Debug|Any CPU.ActiveCfg = Debug|Any CPU
		{F7891BF4-BDDB-5325-A58E-ADD8A4B8DFEF}.Debug|Any CPU.Build.0 = Debug|Any CPU
		{F7891BF4-BDDB-5325-A58E-ADD8A4B8DFEF}.Release|Any CPU.ActiveCfg = Release|Any CPU
		{F7891BF4-BDDB-5325-A58E-ADD8A4B8DFEF}.Release|Any CPU.Build.0 = Release|Any CPU
	EndGlobalSection
	GlobalSection(SolutionProperties) = preSolution
		HideSolutionNode = FALSE
	EndGlobalSection
	GlobalSection(ExtensibilityGlobals) = postSolution
		SolutionGuid = {FC72992D-95E1-4A9F-A3D7-FD35CD3B8EF4}
	EndGlobalSection
EndGlobal
